// !$*UTF8*$!
{
	archiveVersion = 1;
	classes = {
	};
	objectVersion = 46;
	objects = {

/* Begin PBXBuildFile section */
		4FC34E591C3040E100A5E6B9 /* AppDelegate.swift in Sources */ = {isa = PBXBuildFile; fileRef = 4FC34E581C3040E100A5E6B9 /* AppDelegate.swift */; };
		4FC34E5B1C3040E100A5E6B9 /* ViewController.swift in Sources */ = {isa = PBXBuildFile; fileRef = 4FC34E5A1C3040E100A5E6B9 /* ViewController.swift */; };
		4FC34E5E1C3040E100A5E6B9 /* Main.storyboard in Resources */ = {isa = PBXBuildFile; fileRef = 4FC34E5C1C3040E100A5E6B9 /* Main.storyboard */; };
		4FC34E601C3040E100A5E6B9 /* Assets.xcassets in Resources */ = {isa = PBXBuildFile; fileRef = 4FC34E5F1C3040E100A5E6B9 /* Assets.xcassets */; };
		4FC34E631C3040E100A5E6B9 /* LaunchScreen.storyboard in Resources */ = {isa = PBXBuildFile; fileRef = 4FC34E611C3040E100A5E6B9 /* LaunchScreen.storyboard */; };
/* End PBXBuildFile section */

/* Begin PBXFileReference section */
		4FC34E551C3040E100A5E6B9 /* photoProject.app */ = {isa = PBXFileReference; explicitFileType = wrapper.application; includeInIndex = 0; path = photoProject.app; sourceTree = BUILT_PRODUCTS_DIR; };
		4FC34E581C3040E100A5E6B9 /* AppDelegate.swift */ = {isa = PBXFileReference; lastKnownFileType = sourcecode.swift; path = AppDelegate.swift; sourceTree = "<group>"; };
		4FC34E5A1C3040E100A5E6B9 /* ViewController.swift */ = {isa = PBXFileReference; lastKnownFileType = sourcecode.swift; path = ViewController.swift; sourceTree = "<group>"; };
		4FC34E5D1C3040E100A5E6B9 /* Base */ = {isa = PBXFileReference; lastKnownFileType = file.storyboard; name = Base; path = Base.lproj/Main.storyboard; sourceTree = "<group>"; };
		4FC34E5F1C3040E100A5E6B9 /* Assets.xcassets */ = {isa = PBXFileReference; lastKnownFileType = folder.assetcatalog; path = Assets.xcassets; sourceTree = "<group>"; };
		4FC34E621C3040E100A5E6B9 /* Base */ = {isa = PBXFileReference; lastKnownFileType = file.storyboard; name = Base; path = Base.lproj/LaunchScreen.storyboard; sourceTree = "<group>"; };
		4FC34E641C3040E100A5E6B9 /* Info.plist */ = {isa = PBXFileReference; lastKnownFileType = text.plist.xml; path = Info.plist; sourceTree = "<group>"; };
/* End PBXFileReference section */

/* Begin PBXFrameworksBuildPhase section */
		4FC34E521C3040E100A5E6B9 /* Frameworks */ = {
			isa = PBXFrameworksBuildPhase;
			buildActionMask = 2147483647;
			files = (
			);
			runOnlyForDeploymentPostprocessing = 0;
		};
/* End PBXFrameworksBuildPhase section */

/* Begin PBXGroup section */
		4FC34E4C1C3040E100A5E6B9 = {
			isa = PBXGroup;
			children = (
				4FC34E571C3040E100A5E6B9 /* photoProject */,
				4FC34E561C3040E100A5E6B9 /* Products */,
			);
			sourceTree = "<group>";
		};
		4FC34E561C3040E100A5E6B9 /* Products */ = {
			isa = PBXGroup;
			children = (
				4FC34E551C3040E100A5E6B9 /* photoProject.app */,
			);
			name = Products;
			sourceTree = "<group>";
		};
		4FC34E571C3040E100A5E6B9 /* photoProject */ = {
			isa = PBXGroup;
			children = (
				4FC34E581C3040E100A5E6B9 /* AppDelegate.swift */,
				4FC34E5A1C3040E100A5E6B9 /* ViewController.swift */,
				4FC34E5C1C3040E100A5E6B9 /* Main.storyboard */,
				4FC34E5F1C3040E100A5E6B9 /* Assets.xcassets */,
				4FC34E611C3040E100A5E6B9 /* LaunchScreen.storyboard */,
				4FC34E641C3040E100A5E6B9 /* Info.plist */,
			);
			path = photoProject;
			sourceTree = "<group>";
		};
/* End PBXGroup section */

/* Begin PBXNativeTarget section */
		4FC34E541C3040E100A5E6B9 /* photoProject */ = {
			isa = PBXNativeTarget;
			buildConfigurationList = 4FC34E671C3040E100A5E6B9 /* Build configuration list for PBXNativeTarget "photoProject" */;
			buildPhases = (
				4FC34E511C3040E100A5E6B9 /* Sources */,
				4FC34E521C3040E100A5E6B9 /* Frameworks */,
				4FC34E531C3040E100A5E6B9 /* Resources */,
			);
			buildRules = (
			);
			dependencies = (
			);
			name = photoProject;
			productName = photoProject;
			productReference = 4FC34E551C3040E100A5E6B9 /* photoProject.app */;
			productType = "com.apple.product-type.application";
		};
/* End PBXNativeTarget section */

/* Begin PBXProject section */
		4FC34E4D1C3040E100A5E6B9 /* Project object */ = {
			isa = PBXProject;
			attributes = {
				LastSwiftUpdateCheck = 0710;
				LastUpgradeCheck = 0710;
				ORGANIZATIONNAME = "Carlos Brito";
				TargetAttributes = {
					4FC34E541C3040E100A5E6B9 = {
						CreatedOnToolsVersion = 7.1.1;
					};
				};
			};
			buildConfigurationList = 4FC34E501C3040E100A5E6B9 /* Build configuration list for PBXProject "photoProject" */;
			compatibilityVersion = "Xcode 3.2";
			developmentRegion = English;
			hasScannedForEncodings = 0;
			knownRegions = (
				en,
				Base,
			);
			mainGroup = 4FC34E4C1C3040E100A5E6B9;
			productRefGroup = 4FC34E561C3040E100A5E6B9 /* Products */;
			projectDirPath = "";
			projectRoot = "";
			targets = (
				4FC34E541C3040E100A5E6B9 /* photoProject */,
			);
		};
/* End PBXProject section */

/* Begin PBXResourcesBuildPhase section */
		4FC34E531C3040E100A5E6B9 /* Resources */ = {
			isa = PBXResourcesBuildPhase;
			buildActionMask = 2147483647;
			files = (
				4FC34E631C3040E100A5E6B9 /* LaunchScreen.storyboard in Resources */,
				4FC34E601C3040E100A5E6B9 /* Assets.xcassets in Resources */,
				4FC34E5E1C3040E100A5E6B9 /* Main.storyboard in Resources */,
			);
			runOnlyForDeploymentPostprocessing = 0;
		};
/* End PBXResourcesBuildPhase section */

/* Begin PBXSourcesBuildPhase section */
		4FC34E511C3040E100A5E6B9 /* Sources */ = {
			isa = PBXSourcesBuildPhase;
			buildActionMask = 2147483647;
			files = (
				4FC34E5B1C3040E100A5E6B9 /* ViewController.swift in Sources */,
				4FC34E591C3040E100A5E6B9 /* AppDelegate.swift in Sources */,
			);
			runOnlyForDeploymentPostprocessing = 0;
		};
/* End PBXSourcesBuildPhase section */

/* Begin PBXVariantGroup section */
		4FC34E5C1C3040E100A5E6B9 /* Main.storyboard */ = {
			isa = PBXVariantGroup;
			children = (
				4FC34E5D1C3040E100A5E6B9 /* Base */,
			);
			name = Main.storyboard;
			sourceTree = "<group>";
		};
		4FC34E611C3040E100A5E6B9 /* LaunchScreen.storyboard */ = {
			isa = PBXVariantGroup;
			children = (
				4FC34E621C3040E100A5E6B9 /* Base */,
			);
			name = LaunchScreen.storyboard;
			sourceTree = "<group>";
		};
/* End PBXVariantGroup section */

/* Begin XCBuildConfiguration section */
		4FC34E651C3040E100A5E6B9 /* Debug */ = {
			isa = XCBuildConfiguration;
			buildSettings = {
				ALWAYS_SEARCH_USER_PATHS = NO;
				CLANG_CXX_LANGUAGE_STANDARD = "gnu++0x";
				CLANG_CXX_LIBRARY = "libc++";
				CLANG_ENABLE_MODULES = YES;
				CLANG_ENABLE_OBJC_ARC = YES;
				CLANG_WARN_BOOL_CONVERSION = YES;
				CLANG_WARN_CONSTANT_CONVERSION = YES;
				CLANG_WARN_DIRECT_OBJC_ISA_USAGE = YES_ERROR;
				CLANG_WARN_EMPTY_BODY = YES;
				CLANG_WARN_ENUM_CONVERSION = YES;
				CLANG_WARN_INT_CONVERSION = YES;
				CLANG_WARN_OBJC_ROOT_CLASS = YES_ERROR;
				CLANG_WARN_UNREACHABLE_CODE = YES;
				CLANG_WARN__DUPLICATE_METHOD_MATCH = YES;
				"CODE_SIGN_IDENTITY[sdk=iphoneos*]" = "iPhone Developer";
				COPY_PHASE_STRIP = NO;
				DEBUG_INFORMATION_FORMAT = dwarf;
				ENABLE_STRICT_OBJC_MSGSEND = YES;
				ENABLE_TESTABILITY = YES;
				GCC_C_LANGUAGE_STANDARD = gnu99;
				GCC_DYNAMIC_NO_PIC = NO;
				GCC_NO_COMMON_BLOCKS = YES;
				GCC_OPTIMIZATION_LEVEL = 0;
				GCC_PREPROCESSOR_DEFINITIONS = (
					"DEBUG=1",
					"$(inherited)",
				);
				GCC_WARN_64_TO_32_BIT_CONVERSION = YES;
				GCC_WARN_ABOUT_RETURN_TYPE = YES_ERROR;
				GCC_WARN_UNDECLARED_SELECTOR = YES;
				GCC_WARN_UNINITIALIZED_AUTOS = YES_AGGRESSIVE;
				GCC_WARN_UNUSED_FUNCTION = YES;
				GCC_WARN_UNUSED_VARIABLE = YES;
				IPHONEOS_DEPLOYMENT_TARGET = 9.1;
				MTL_ENABLE_DEBUG_INFO = YES;
				ONLY_ACTIVE_ARCH = YES;
				SDKROOT = iphoneos;
				SWIFT_OPTIMIZATION_LEVEL = "-Onone";
			};
			name = Debug;
		};
		4FC34E661C3040E100A5E6B9 /* Release */ = {
			isa = XCBuildConfiguration;
			buildSettings = {
				ALWAYS_SEARCH_USER_PATHS = NO;
				CLANG_CXX_LANGUAGE_STANDARD = "gnu++0x";
				CLANG_CXX_LIBRARY = "libc++";
				CLANG_ENABLE_MODULES = YES;
				CLANG_ENABLE_OBJC_ARC = YES;
				CLANG_WARN_BOOL_CONVERSION = YES;
				CLANG_WARN_CONSTANT_CONVERSION = YES;
				CLANG_WARN_DIRECT_OBJC_ISA_USAGE = YES_ERROR;
				CLANG_WARN_EMPTY_BODY = YES;
				CLANG_WARN_ENUM_CONVERSION = YES;
				CLANG_WARN_INT_CONVERSION = YES;
				CLANG_WARN_OBJC_ROOT_CLASS = YES_ERROR;
				CLANG_WARN_UNREACHABLE_CODE = YES;
				CLANG_WARN__DUPLICATE_METHOD_MATCH = YES;
				"CODE_SIGN_IDENTITY[sdk=iphoneos*]" = "iPhone Developer";
				COPY_PHASE_STRIP = NO;
				DEBUG_INFORMATION_FORMAT = "dwarf-with-dsym";
				ENABLE_NS_ASSERTIONS = NO;
				ENABLE_STRICT_OBJC_MSGSEND = YES;
				GCC_C_LANGUAGE_STANDARD = gnu99;
				GCC_NO_COMMON_BLOCKS = YES;
				GCC_WARN_64_TO_32_BIT_CONVERSION = YES;
				GCC_WARN_ABOUT_RETURN_TYPE = YES_ERROR;
				GCC_WARN_UNDECLARED_SELECTOR = YES;
				GCC_WARN_UNINITIALIZED_AUTOS = YES_AGGRESSIVE;
				GCC_WARN_UNUSED_FUNCTION = YES;
				GCC_WARN_UNUSED_VARIABLE = YES;
				IPHONEOS_DEPLOYMENT_TARGET = 9.1;
				MTL_ENABLE_DEBUG_INFO = NO;
				SDKROOT = iphoneos;
				VALIDATE_PRODUCT = YES;
			};
			name = Release;
		};
		4FC34E681C3040E100A5E6B9 /* Debug */ = {
			isa = XCBuildConfiguration;
			buildSettings = {
				ASSETCATALOG_COMPILER_APPICON_NAME = AppIcon;
				INFOPLIST_FILE = photoProject/Info.plist;
				LD_RUNPATH_SEARCH_PATHS = "$(inherited) @executable_path/Frameworks";
				PRODUCT_BUNDLE_IDENTIFIER = com.cbreeto.photoProject;
				PRODUCT_NAME = "$(TARGET_NAME)";
			};
			name = Debug;
		};
		4FC34E691C3040E100A5E6B9 /* Release */ = {
			isa = XCBuildConfiguration;
			buildSettings = {
				ASSETCATALOG_COMPILER_APPICON_NAME = AppIcon;
				INFOPLIST_FILE = photoProject/Info.plist;
				LD_RUNPATH_SEARCH_PATHS = "$(inherited) @executable_path/Frameworks";
				PRODUCT_BUNDLE_IDENTIFIER = com.cbreeto.photoProject;
				PRODUCT_NAME = "$(TARGET_NAME)";
			};
			name = Release;
		};
/* End XCBuildConfiguration section */

/* Begin XCConfigurationList section */
		4FC34E501C3040E100A5E6B9 /* Build configuration list for PBXProject "photoProject" */ = {
			isa = XCConfigurationList;
			buildConfigurations = (
				4FC34E651C3040E100A5E6B9 /* Debug */,
				4FC34E661C3040E100A5E6B9 /* Release */,
			);
			defaultConfigurationIsVisible = 0;
			defaultConfigurationName = Release;
		};
		4FC34E671C3040E100A5E6B9 /* Build configuration list for PBXNativeTarget "photoProject" */ = {
			isa = XCConfigurationList;
			buildConfigurations = (
				4FC34E681C3040E100A5E6B9 /* Debug */,
				4FC34E691C3040E100A5E6B9 /* Release */,
			);
			defaultConfigurationIsVisible = 0;
		};
/* End XCConfigurationList section */
	};
	rootObject = 4FC34E4D1C3040E100A5E6B9 /* Project object */;
}
